
Microsoft Visual Studio Solution File, Format Version 12.00
# Visual Studio Version 17
VisualStudioVersion = 17.6.33723.286
MinimumVisualStudioVersion = 10.0.40219.1
Project("{FAE04EC0-301F-11D3-BF4B-00C04F79EFBC}") = "PPICalculator", "PPICalculator.csproj", "{4DEBB281-34B3-4808-B001-BB73B8822E43}"
EndProject
Project("{FAE04EC0-301F-11D3-BF4B-00C04F79EFBC}") = "PPICalculatorTest", "..\PPICalculatorTest\PPICalculatorTest.csproj", "{4E6A53DF-6D2A-4501-AFDE-D7EE57E5123A}"
EndProject
Global
	GlobalSection(SolutionConfigurationPlatforms) = preSolution
		Debug|Any CPU = Debug|Any CPU
		Release|Any CPU = Release|Any CPU
	EndGlobalSection
	GlobalSection(ProjectConfigurationPlatforms) = postSolution
		{4DEBB281-34B3-4808-B001-BB73B8822E43}.Debug|Any CPU.ActiveCfg = Debug|Any CPU
		{4DEBB281-34B3-4808-B001-BB73B8822E43}.Debug|Any CPU.Build.0 = Debug|Any CPU
		{4DEBB281-34B3-4808-B001-BB73B8822E43}.Release|Any CPU.ActiveCfg = Release|Any CPU
		{4DEBB281-34B3-4808-B001-BB73B8822E43}.Release|Any CPU.Build.0 = Release|Any CPU
		{4E6A53DF-6D2A-4501-AFDE-D7EE57E5123A}.Debug|Any CPU.ActiveCfg = Debug|Any CPU
		{4E6A53DF-6D2A-4501-AFDE-D7EE57E5123A}.Debug|Any CPU.Build.0 = Debug|Any CPU
		{4E6A53DF-6D2A-4501-AFDE-D7EE57E5123A}.Release|Any CPU.ActiveCfg = Release|Any CPU
		{4E6A53DF-6D2A-4501-AFDE-D7EE57E5123A}.Release|Any CPU.Build.0 = Release|Any CPU
	EndGlobalSection
	GlobalSection(SolutionProperties) = preSolution
		HideSolutionNode = FALSE
	EndGlobalSection
	GlobalSection(ExtensibilityGlobals) = postSolution
		SolutionGuid = {03B8E245-F529-48DA-A825-3BD5B65F5772}
	EndGlobalSection
EndGlobal
